
Microsoft Visual Studio Solution File, Format Version 12.00
# Visual Studio Version 17
VisualStudioVersion = 17.0.31903.59
MinimumVisualStudioVersion = 10.0.40219.1
Project("{FAE04EC0-301F-11D3-BF4B-00C04F79EFBC}") = "codigos", "codigos\codigos.csproj", "{AC6CF5FB-F24A-4DB4-BB67-CD5ABA51C513}"
EndProject
Project("{FAE04EC0-301F-11D3-BF4B-00C04F79EFBC}") = "ClassesModelos", "ClassesModelos\ClassesModelos.csproj", "{9FD4DA47-E832-445A-9500-C03E5CDA11FE}"
EndProject
Global
	GlobalSection(SolutionConfigurationPlatforms) = preSolution
		Debug|Any CPU = Debug|Any CPU
		Release|Any CPU = Release|Any CPU
	EndGlobalSection
	GlobalSection(SolutionProperties) = preSolution
		HideSolutionNode = FALSE
	EndGlobalSection
	GlobalSection(ProjectConfigurationPlatforms) = postSolution
		{AC6CF5FB-F24A-4DB4-BB67-CD5ABA51C513}.Debug|Any CPU.ActiveCfg = Debug|Any CPU
		{AC6CF5FB-F24A-4DB4-BB67-CD5ABA51C513}.Debug|Any CPU.Build.0 = Debug|Any CPU
		{AC6CF5FB-F24A-4DB4-BB67-CD5ABA51C513}.Release|Any CPU.ActiveCfg = Release|Any CPU
		{AC6CF5FB-F24A-4DB4-BB67-CD5ABA51C513}.Release|Any CPU.Build.0 = Release|Any CPU
		{9FD4DA47-E832-445A-9500-C03E5CDA11FE}.Debug|Any CPU.ActiveCfg = Debug|Any CPU
		{9FD4DA47-E832-445A-9500-C03E5CDA11FE}.Debug|Any CPU.Build.0 = Debug|Any CPU
		{9FD4DA47-E832-445A-9500-C03E5CDA11FE}.Release|Any CPU.ActiveCfg = Release|Any CPU
		{9FD4DA47-E832-445A-9500-C03E5CDA11FE}.Release|Any CPU.Build.0 = Release|Any CPU
	EndGlobalSection
EndGlobal
