Microsoft Visual Studio Solution File, Format Version 12.00
# Visual Studio Version 17
VisualStudioVersion = 17.5.2.0
MinimumVisualStudioVersion = 10.0.40219.1
Project("{FAE04EC0-301F-11D3-BF4B-00C04F79EFBC}") = "FundamentosWebApi", "FundamentosWebApi.csproj", "{CCA7645A-5640-5BC0-59B4-1FE8B09A8413}"
EndProject
Global
	GlobalSection(SolutionConfigurationPlatforms) = preSolution
		Debug|Any CPU = Debug|Any CPU
		Release|Any CPU = Release|Any CPU
	EndGlobalSection
	GlobalSection(ProjectConfigurationPlatforms) = postSolution
		{CCA7645A-5640-5BC0-59B4-1FE8B09A8413}.Debug|Any CPU.ActiveCfg = Debug|Any CPU
		{CCA7645A-5640-5BC0-59B4-1FE8B09A8413}.Debug|Any CPU.Build.0 = Debug|Any CPU
		{CCA7645A-5640-5BC0-59B4-1FE8B09A8413}.Release|Any CPU.ActiveCfg = Release|Any CPU
		{CCA7645A-5640-5BC0-59B4-1FE8B09A8413}.Release|Any CPU.Build.0 = Release|Any CPU
	EndGlobalSection
	GlobalSection(SolutionProperties) = preSolution
		HideSolutionNode = FALSE
	EndGlobalSection
	GlobalSection(ExtensibilityGlobals) = postSolution
		SolutionGuid = {461FBF6C-E4F5-4D59-B049-F3AD05BCF547}
	EndGlobalSection
EndGlobal
