
Microsoft Visual Studio Solution File, Format Version 12.00
# Visual Studio Version 17
VisualStudioVersion = 17.0.31903.59
MinimumVisualStudioVersion = 10.0.40219.1
Project("{FAE04EC0-301F-11D3-BF4B-00C04F79EFBC}") = "explorandoALinguagemCsharp", "explorandoALinguagemCsharp\explorandoALinguagemCsharp.csproj", "{D5F2E1EE-9790-4647-AA16-4900D8B65068}"
EndProject
Project("{FAE04EC0-301F-11D3-BF4B-00C04F79EFBC}") = "manipulacaoDeValores", "manipulacaoDeValores\manipulacaoDeValores.csproj", "{17667C57-CF60-4238-A663-E4B1E9B2B891}"
EndProject
Project("{FAE04EC0-301F-11D3-BF4B-00C04F79EFBC}") = "tupasOperadorTernarioDesconstrucaoDeObjeto", "tupasOperadorTernarioDesconstrucaoDeObjeto\tupasOperadorTernarioDesconstrucaoDeObjeto.csproj", "{938A6CD9-CD43-49E5-BF1F-CDE8B726343A}"
EndProject
Project("{FAE04EC0-301F-11D3-BF4B-00C04F79EFBC}") = "nuget_serializacao_atributos_csharp", "nuget_serializacao_atributos_csharp\nuget_serializacao_atributos_csharp.csproj", "{630FADA1-A495-45BD-B879-223617271267}"
EndProject
Project("{FAE04EC0-301F-11D3-BF4B-00C04F79EFBC}") = "abstracao_encapsulamento", "abstracao_encapsulamento\abstracao_encapsulamento.csproj", "{D6A05FD2-AB4F-4CE8-86D4-AADC346CBD0D}"
EndProject
Global
	GlobalSection(SolutionConfigurationPlatforms) = preSolution
		Debug|Any CPU = Debug|Any CPU
		Release|Any CPU = Release|Any CPU
	EndGlobalSection
	GlobalSection(SolutionProperties) = preSolution
		HideSolutionNode = FALSE
	EndGlobalSection
	GlobalSection(ProjectConfigurationPlatforms) = postSolution
		{D5F2E1EE-9790-4647-AA16-4900D8B65068}.Debug|Any CPU.ActiveCfg = Debug|Any CPU
		{D5F2E1EE-9790-4647-AA16-4900D8B65068}.Debug|Any CPU.Build.0 = Debug|Any CPU
		{D5F2E1EE-9790-4647-AA16-4900D8B65068}.Release|Any CPU.ActiveCfg = Release|Any CPU
		{D5F2E1EE-9790-4647-AA16-4900D8B65068}.Release|Any CPU.Build.0 = Release|Any CPU
		{17667C57-CF60-4238-A663-E4B1E9B2B891}.Debug|Any CPU.ActiveCfg = Debug|Any CPU
		{17667C57-CF60-4238-A663-E4B1E9B2B891}.Debug|Any CPU.Build.0 = Debug|Any CPU
		{17667C57-CF60-4238-A663-E4B1E9B2B891}.Release|Any CPU.ActiveCfg = Release|Any CPU
		{17667C57-CF60-4238-A663-E4B1E9B2B891}.Release|Any CPU.Build.0 = Release|Any CPU
		{938A6CD9-CD43-49E5-BF1F-CDE8B726343A}.Debug|Any CPU.ActiveCfg = Debug|Any CPU
		{938A6CD9-CD43-49E5-BF1F-CDE8B726343A}.Debug|Any CPU.Build.0 = Debug|Any CPU
		{938A6CD9-CD43-49E5-BF1F-CDE8B726343A}.Release|Any CPU.ActiveCfg = Release|Any CPU
		{938A6CD9-CD43-49E5-BF1F-CDE8B726343A}.Release|Any CPU.Build.0 = Release|Any CPU
		{630FADA1-A495-45BD-B879-223617271267}.Debug|Any CPU.ActiveCfg = Debug|Any CPU
		{630FADA1-A495-45BD-B879-223617271267}.Debug|Any CPU.Build.0 = Debug|Any CPU
		{630FADA1-A495-45BD-B879-223617271267}.Release|Any CPU.ActiveCfg = Release|Any CPU
		{630FADA1-A495-45BD-B879-223617271267}.Release|Any CPU.Build.0 = Release|Any CPU
		{D6A05FD2-AB4F-4CE8-86D4-AADC346CBD0D}.Debug|Any CPU.ActiveCfg = Debug|Any CPU
		{D6A05FD2-AB4F-4CE8-86D4-AADC346CBD0D}.Debug|Any CPU.Build.0 = Debug|Any CPU
		{D6A05FD2-AB4F-4CE8-86D4-AADC346CBD0D}.Release|Any CPU.ActiveCfg = Release|Any CPU
		{D6A05FD2-AB4F-4CE8-86D4-AADC346CBD0D}.Release|Any CPU.Build.0 = Release|Any CPU
	EndGlobalSection
EndGlobal
